Microsoft Visual Studio Solution File, Format Version 8.00
Project("{FAE04EC0-301F-11D3-BF4B-00C04F79EFBC}") = "ueScriptProfiler", "ueScriptProfiler.csproj", "{C08A10CD-9F47-49AE-9B74-6F073F480A31}"
	ProjectSection(ProjectDependencies) = postProject
	EndProjectSection
EndProject
Global
	GlobalSection(SolutionConfiguration) = preSolution
		Debug = Debug
		Release = Release
	EndGlobalSection
	GlobalSection(ProjectConfiguration) = postSolution
		{C08A10CD-9F47-49AE-9B74-6F073F480A31}.Debug.ActiveCfg = Debug|.NET
		{C08A10CD-9F47-49AE-9B74-6F073F480A31}.Debug.Build.0 = Debug|.NET
		{C08A10CD-9F47-49AE-9B74-6F073F480A31}.Release.ActiveCfg = Release|.NET
		{C08A10CD-9F47-49AE-9B74-6F073F480A31}.Release.Build.0 = Release|.NET
	EndGlobalSection
	GlobalSection(ExtensibilityGlobals) = postSolution
	EndGlobalSection
	GlobalSection(ExtensibilityAddIns) = postSolution
	EndGlobalSection
EndGlobal
