Microsoft Visual Studio Solution File, Format Version 9.00
# Visual Studio 2005
Project("{8BC9CEB8-8B4A-11D0-8D11-00A0C91BC942}") = "Core", "Core\Core.VC80.vcproj", "{DBACC8DE-751E-4AE9-ACA0-83ED919C4901}"
EndProject
Project("{8BC9CEB8-8B4A-11D0-8D11-00A0C91BC942}") = "D3DDrv", "D3DDrv\D3DDrv.VC80.vcproj", "{D3ECDD46-09B6-4091-94DC-E82311719644}"
EndProject
Project("{8BC9CEB8-8B4A-11D0-8D11-00A0C91BC942}") = "Editor", "Editor\Editor.VC80.vcproj", "{D701000E-E334-4915-ACE9-D59E50F98A4B}"
EndProject
Project("{8BC9CEB8-8B4A-11D0-8D11-00A0C91BC942}") = "Engine", "Engine\Engine.VC80.vcproj", "{F33F4FE6-1840-446E-A7D8-903B8EDFB14B}"
EndProject
Project("{8BC9CEB8-8B4A-11D0-8D11-00A0C91BC942}") = "Window", "Window\Window.VC80.vcproj", "{485F2FF0-874A-4B28-B511-40674C38979A}"
EndProject
Project("{8BC9CEB8-8B4A-11D0-8D11-00A0C91BC942}") = "WinDrv", "WinDrv\WinDrv.VC80.vcproj", "{86840283-B05A-4612-9323-ECA46F066623}"
EndProject
Project("{8BC9CEB8-8B4A-11D0-8D11-00A0C91BC942}") = "zlib", "zlib\zlib.VC80.vcproj", "{8C237209-01E6-4797-9BCA-4675C161F26E}"
EndProject
Project("{8BC9CEB8-8B4A-11D0-8D11-00A0C91BC942}") = "ALAudio", "ALAudio\ALAudio.VC80.vcproj", "{E67A30E5-2A88-494A-8AEC-9D079A6BE10A}"
EndProject
Project("{8BC9CEB8-8B4A-11D0-8D11-00A0C91BC942}") = "WarfareGame", "WarfareGame\WarfareGame.VC80.vcproj", "{5B1BCBC4-4EA9-47DC-BC76-C779DAD1D62D}"
EndProject
Project("{8BC9CEB8-8B4A-11D0-8D11-00A0C91BC942}") = "XWindow", "XWindow\XWindow.VC80.vcproj", "{485F2FF0-874A-4B28-B511-40674C38979B}"
EndProject
Project("{8BC9CEB8-8B4A-11D0-8D11-00A0C91BC942}") = "UTGame", "UTGame\UTGame.VC80.vcproj", "{C0278832-71FF-43D5-BFE2-DE265B8A4678}"
EndProject
Project("{8BC9CEB8-8B4A-11D0-8D11-00A0C91BC942}") = "DemoGame", "DemoGame\DemoGame.VC80.vcproj", "{8BC9CEB8-8B4A-11D0-8D11-00A0C91BC942}"
EndProject
Project("{8BC9CEB8-8B4A-11D0-8D11-00A0C91BC942}") = "UnrealEd", "UnrealEd\UnrealEd.VC80.vcproj", "{20C50653-B887-40EC-B85B-06BF6E24FDB4}"
EndProject
Project("{8BC9CEB8-8B4A-11D0-8D11-00A0C91BC942}") = "IpDrv", "IpDrv\IpDrv.VC80.vcproj", "{0EE028CA-72A3-4A1D-ADEF-0D60B3B2EEE7}"
EndProject
Project("{8BC9CEB8-8B4A-11D0-8D11-00A0C91BC942}") = "PCLaunch-DemoGame", "Launch\PCLaunch-DemoGame.VC80.vcproj", "{8A79CF6A-FCE0-4DCE-808F-EEEAFCD2B763}"
	ProjectSection(ProjectDependencies) = postProject
		{8C237209-01E6-4797-9BCA-4675C161F26E} = {8C237209-01E6-4797-9BCA-4675C161F26E}
		{D701000E-E334-4915-ACE9-D59E50F98A4B} = {D701000E-E334-4915-ACE9-D59E50F98A4B}
		{D3ECDD46-09B6-4091-94DC-E82311719644} = {D3ECDD46-09B6-4091-94DC-E82311719644}
		{20C50653-B887-40EC-B85B-06BF6E24FDB4} = {20C50653-B887-40EC-B85B-06BF6E24FDB4}
		{86840283-B05A-4612-9323-ECA46F066623} = {86840283-B05A-4612-9323-ECA46F066623}
		{8BC9CEB8-8B4A-11D0-8D11-00A0C91BC942} = {8BC9CEB8-8B4A-11D0-8D11-00A0C91BC942}
		{0EE028CA-72A3-4A1D-ADEF-0D60B3B2EEE7} = {0EE028CA-72A3-4A1D-ADEF-0D60B3B2EEE7}
		{DBACC8DE-751E-4AE9-ACA0-83ED919C4901} = {DBACC8DE-751E-4AE9-ACA0-83ED919C4901}
		{E67A30E5-2A88-494A-8AEC-9D079A6BE10A} = {E67A30E5-2A88-494A-8AEC-9D079A6BE10A}
		{F33F4FE6-1840-446E-A7D8-903B8EDFB14B} = {F33F4FE6-1840-446E-A7D8-903B8EDFB14B}
		{485F2FF0-874A-4B28-B511-40674C38979A} = {485F2FF0-874A-4B28-B511-40674C38979A}
		{485F2FF0-874A-4B28-B511-40674C38979B} = {485F2FF0-874A-4B28-B511-40674C38979B}
	EndProjectSection
EndProject
Project("{8BC9CEB8-8B4A-11D0-8D11-00A0C91BC942}") = "PCLaunch-UTGame", "Launch\PCLaunch-UTGame.VC80.vcproj", "{6A55C9B2-DDD0-4BE9-BADA-CA34A1B5E259}"
	ProjectSection(ProjectDependencies) = postProject
		{8C237209-01E6-4797-9BCA-4675C161F26E} = {8C237209-01E6-4797-9BCA-4675C161F26E}
		{D701000E-E334-4915-ACE9-D59E50F98A4B} = {D701000E-E334-4915-ACE9-D59E50F98A4B}
		{C0278832-71FF-43D5-BFE2-DE265B8A4678} = {C0278832-71FF-43D5-BFE2-DE265B8A4678}
		{D3ECDD46-09B6-4091-94DC-E82311719644} = {D3ECDD46-09B6-4091-94DC-E82311719644}
		{20C50653-B887-40EC-B85B-06BF6E24FDB4} = {20C50653-B887-40EC-B85B-06BF6E24FDB4}
		{86840283-B05A-4612-9323-ECA46F066623} = {86840283-B05A-4612-9323-ECA46F066623}
		{0EE028CA-72A3-4A1D-ADEF-0D60B3B2EEE7} = {0EE028CA-72A3-4A1D-ADEF-0D60B3B2EEE7}
		{DBACC8DE-751E-4AE9-ACA0-83ED919C4901} = {DBACC8DE-751E-4AE9-ACA0-83ED919C4901}
		{E67A30E5-2A88-494A-8AEC-9D079A6BE10A} = {E67A30E5-2A88-494A-8AEC-9D079A6BE10A}
		{F33F4FE6-1840-446E-A7D8-903B8EDFB14B} = {F33F4FE6-1840-446E-A7D8-903B8EDFB14B}
		{485F2FF0-874A-4B28-B511-40674C38979A} = {485F2FF0-874A-4B28-B511-40674C38979A}
		{485F2FF0-874A-4B28-B511-40674C38979B} = {485F2FF0-874A-4B28-B511-40674C38979B}
	EndProjectSection
EndProject
Project("{8BC9CEB8-8B4A-11D0-8D11-00A0C91BC942}") = "PCLaunch-WarGame", "Launch\PCLaunch-WarGame.VC80.vcproj", "{2A7BF81E-CA2F-415A-92A0-4C977A626854}"
	ProjectSection(ProjectDependencies) = postProject
		{8C237209-01E6-4797-9BCA-4675C161F26E} = {8C237209-01E6-4797-9BCA-4675C161F26E}
		{D701000E-E334-4915-ACE9-D59E50F98A4B} = {D701000E-E334-4915-ACE9-D59E50F98A4B}
		{D3ECDD46-09B6-4091-94DC-E82311719644} = {D3ECDD46-09B6-4091-94DC-E82311719644}
		{20C50653-B887-40EC-B85B-06BF6E24FDB4} = {20C50653-B887-40EC-B85B-06BF6E24FDB4}
		{86840283-B05A-4612-9323-ECA46F066623} = {86840283-B05A-4612-9323-ECA46F066623}
		{5B1BCBC4-4EA9-47DC-BC76-C779DAD1D62D} = {5B1BCBC4-4EA9-47DC-BC76-C779DAD1D62D}
		{0EE028CA-72A3-4A1D-ADEF-0D60B3B2EEE7} = {0EE028CA-72A3-4A1D-ADEF-0D60B3B2EEE7}
		{DBACC8DE-751E-4AE9-ACA0-83ED919C4901} = {DBACC8DE-751E-4AE9-ACA0-83ED919C4901}
		{E67A30E5-2A88-494A-8AEC-9D079A6BE10A} = {E67A30E5-2A88-494A-8AEC-9D079A6BE10A}
		{F33F4FE6-1840-446E-A7D8-903B8EDFB14B} = {F33F4FE6-1840-446E-A7D8-903B8EDFB14B}
		{485F2FF0-874A-4B28-B511-40674C38979A} = {485F2FF0-874A-4B28-B511-40674C38979A}
		{485F2FF0-874A-4B28-B511-40674C38979B} = {485F2FF0-874A-4B28-B511-40674C38979B}
	EndProjectSection
EndProject
Project("{2150E333-8FDC-42A3-9474-1A3956D46DE8}") = "UnrealEngine3", "UnrealEngine3", "{342C2A44-BB12-4DF8-86CC-94D361BDE60A}"
EndProject
Project("{2150E333-8FDC-42A3-9474-1A3956D46DE8}") = "Game", "Game", "{864D6F71-4491-4CBB-8CFF-BBEB291A02CF}"
EndProject
Project("{2150E333-8FDC-42A3-9474-1A3956D46DE8}") = "PCLaunch", "PCLaunch", "{AA45BC83-78FD-4371-9AA5-26B32B3CDE72}"
EndProject
Global
	GlobalSection(SolutionConfigurationPlatforms) = preSolution
		Debug|Win32 = Debug|Win32
		Release|Win32 = Release|Win32
		ReleaseLTCG|Win32 = ReleaseLTCG|Win32
	EndGlobalSection
	GlobalSection(ProjectConfigurationPlatforms) = postSolution
		{DBACC8DE-751E-4AE9-ACA0-83ED919C4901}.Debug|Win32.ActiveCfg = Debug|Win32
		{DBACC8DE-751E-4AE9-ACA0-83ED919C4901}.Debug|Win32.Build.0 = Debug|Win32
		{DBACC8DE-751E-4AE9-ACA0-83ED919C4901}.Release|Win32.ActiveCfg = Release|Win32
		{DBACC8DE-751E-4AE9-ACA0-83ED919C4901}.Release|Win32.Build.0 = Release|Win32
		{DBACC8DE-751E-4AE9-ACA0-83ED919C4901}.ReleaseLTCG|Win32.ActiveCfg = ReleaseLTCG|Win32
		{DBACC8DE-751E-4AE9-ACA0-83ED919C4901}.ReleaseLTCG|Win32.Build.0 = ReleaseLTCG|Win32
		{D3ECDD46-09B6-4091-94DC-E82311719644}.Debug|Win32.ActiveCfg = Debug|Win32
		{D3ECDD46-09B6-4091-94DC-E82311719644}.Debug|Win32.Build.0 = Debug|Win32
		{D3ECDD46-09B6-4091-94DC-E82311719644}.Release|Win32.ActiveCfg = Release|Win32
		{D3ECDD46-09B6-4091-94DC-E82311719644}.Release|Win32.Build.0 = Release|Win32
		{D3ECDD46-09B6-4091-94DC-E82311719644}.ReleaseLTCG|Win32.ActiveCfg = ReleaseLTCG|Win32
		{D3ECDD46-09B6-4091-94DC-E82311719644}.ReleaseLTCG|Win32.Build.0 = ReleaseLTCG|Win32
		{D701000E-E334-4915-ACE9-D59E50F98A4B}.Debug|Win32.ActiveCfg = Debug|Win32
		{D701000E-E334-4915-ACE9-D59E50F98A4B}.Debug|Win32.Build.0 = Debug|Win32
		{D701000E-E334-4915-ACE9-D59E50F98A4B}.Release|Win32.ActiveCfg = Release|Win32
		{D701000E-E334-4915-ACE9-D59E50F98A4B}.Release|Win32.Build.0 = Release|Win32
		{D701000E-E334-4915-ACE9-D59E50F98A4B}.ReleaseLTCG|Win32.ActiveCfg = ReleaseLTCG|Win32
		{D701000E-E334-4915-ACE9-D59E50F98A4B}.ReleaseLTCG|Win32.Build.0 = ReleaseLTCG|Win32
		{F33F4FE6-1840-446E-A7D8-903B8EDFB14B}.Debug|Win32.ActiveCfg = Debug|Win32
		{F33F4FE6-1840-446E-A7D8-903B8EDFB14B}.Debug|Win32.Build.0 = Debug|Win32
		{F33F4FE6-1840-446E-A7D8-903B8EDFB14B}.Release|Win32.ActiveCfg = Release|Win32
		{F33F4FE6-1840-446E-A7D8-903B8EDFB14B}.Release|Win32.Build.0 = Release|Win32
		{F33F4FE6-1840-446E-A7D8-903B8EDFB14B}.ReleaseLTCG|Win32.ActiveCfg = ReleaseLTCG|Win32
		{F33F4FE6-1840-446E-A7D8-903B8EDFB14B}.ReleaseLTCG|Win32.Build.0 = ReleaseLTCG|Win32
		{485F2FF0-874A-4B28-B511-40674C38979A}.Debug|Win32.ActiveCfg = Debug|Win32
		{485F2FF0-874A-4B28-B511-40674C38979A}.Debug|Win32.Build.0 = Debug|Win32
		{485F2FF0-874A-4B28-B511-40674C38979A}.Release|Win32.ActiveCfg = Release|Win32
		{485F2FF0-874A-4B28-B511-40674C38979A}.Release|Win32.Build.0 = Release|Win32
		{485F2FF0-874A-4B28-B511-40674C38979A}.ReleaseLTCG|Win32.ActiveCfg = ReleaseLTCG|Win32
		{485F2FF0-874A-4B28-B511-40674C38979A}.ReleaseLTCG|Win32.Build.0 = ReleaseLTCG|Win32
		{86840283-B05A-4612-9323-ECA46F066623}.Debug|Win32.ActiveCfg = Debug|Win32
		{86840283-B05A-4612-9323-ECA46F066623}.Debug|Win32.Build.0 = Debug|Win32
		{86840283-B05A-4612-9323-ECA46F066623}.Release|Win32.ActiveCfg = Release|Win32
		{86840283-B05A-4612-9323-ECA46F066623}.Release|Win32.Build.0 = Release|Win32
		{86840283-B05A-4612-9323-ECA46F066623}.ReleaseLTCG|Win32.ActiveCfg = ReleaseLTCG|Win32
		{86840283-B05A-4612-9323-ECA46F066623}.ReleaseLTCG|Win32.Build.0 = ReleaseLTCG|Win32
		{8C237209-01E6-4797-9BCA-4675C161F26E}.Debug|Win32.ActiveCfg = Debug|Win32
		{8C237209-01E6-4797-9BCA-4675C161F26E}.Debug|Win32.Build.0 = Debug|Win32
		{8C237209-01E6-4797-9BCA-4675C161F26E}.Release|Win32.ActiveCfg = Release|Win32
		{8C237209-01E6-4797-9BCA-4675C161F26E}.Release|Win32.Build.0 = Release|Win32
		{8C237209-01E6-4797-9BCA-4675C161F26E}.ReleaseLTCG|Win32.ActiveCfg = ReleaseLTCG|Win32
		{8C237209-01E6-4797-9BCA-4675C161F26E}.ReleaseLTCG|Win32.Build.0 = ReleaseLTCG|Win32
		{E67A30E5-2A88-494A-8AEC-9D079A6BE10A}.Debug|Win32.ActiveCfg = Debug|Win32
		{E67A30E5-2A88-494A-8AEC-9D079A6BE10A}.Debug|Win32.Build.0 = Debug|Win32
		{E67A30E5-2A88-494A-8AEC-9D079A6BE10A}.Release|Win32.ActiveCfg = Release|Win32
		{E67A30E5-2A88-494A-8AEC-9D079A6BE10A}.Release|Win32.Build.0 = Release|Win32
		{E67A30E5-2A88-494A-8AEC-9D079A6BE10A}.ReleaseLTCG|Win32.ActiveCfg = ReleaseLTCG|Win32
		{E67A30E5-2A88-494A-8AEC-9D079A6BE10A}.ReleaseLTCG|Win32.Build.0 = ReleaseLTCG|Win32
		{5B1BCBC4-4EA9-47DC-BC76-C779DAD1D62D}.Debug|Win32.ActiveCfg = Debug|Win32
		{5B1BCBC4-4EA9-47DC-BC76-C779DAD1D62D}.Debug|Win32.Build.0 = Debug|Win32
		{5B1BCBC4-4EA9-47DC-BC76-C779DAD1D62D}.Release|Win32.ActiveCfg = Release|Win32
		{5B1BCBC4-4EA9-47DC-BC76-C779DAD1D62D}.Release|Win32.Build.0 = Release|Win32
		{5B1BCBC4-4EA9-47DC-BC76-C779DAD1D62D}.ReleaseLTCG|Win32.ActiveCfg = ReleaseLTCG|Win32
		{5B1BCBC4-4EA9-47DC-BC76-C779DAD1D62D}.ReleaseLTCG|Win32.Build.0 = ReleaseLTCG|Win32
		{485F2FF0-874A-4B28-B511-40674C38979B}.Debug|Win32.ActiveCfg = Debug|Win32
		{485F2FF0-874A-4B28-B511-40674C38979B}.Debug|Win32.Build.0 = Debug|Win32
		{485F2FF0-874A-4B28-B511-40674C38979B}.Release|Win32.ActiveCfg = Release|Win32
		{485F2FF0-874A-4B28-B511-40674C38979B}.Release|Win32.Build.0 = Release|Win32
		{485F2FF0-874A-4B28-B511-40674C38979B}.ReleaseLTCG|Win32.ActiveCfg = ReleaseLTCG|Win32
		{485F2FF0-874A-4B28-B511-40674C38979B}.ReleaseLTCG|Win32.Build.0 = ReleaseLTCG|Win32
		{C0278832-71FF-43D5-BFE2-DE265B8A4678}.Debug|Win32.ActiveCfg = Debug|Win32
		{C0278832-71FF-43D5-BFE2-DE265B8A4678}.Debug|Win32.Build.0 = Debug|Win32
		{C0278832-71FF-43D5-BFE2-DE265B8A4678}.Release|Win32.ActiveCfg = Release|Win32
		{C0278832-71FF-43D5-BFE2-DE265B8A4678}.Release|Win32.Build.0 = Release|Win32
		{C0278832-71FF-43D5-BFE2-DE265B8A4678}.ReleaseLTCG|Win32.ActiveCfg = ReleaseLTCG|Win32
		{C0278832-71FF-43D5-BFE2-DE265B8A4678}.ReleaseLTCG|Win32.Build.0 = ReleaseLTCG|Win32
		{8BC9CEB8-8B4A-11D0-8D11-00A0C91BC942}.Debug|Win32.ActiveCfg = Debug|Win32
		{8BC9CEB8-8B4A-11D0-8D11-00A0C91BC942}.Debug|Win32.Build.0 = Debug|Win32
		{8BC9CEB8-8B4A-11D0-8D11-00A0C91BC942}.Release|Win32.ActiveCfg = Release|Win32
		{8BC9CEB8-8B4A-11D0-8D11-00A0C91BC942}.Release|Win32.Build.0 = Release|Win32
		{8BC9CEB8-8B4A-11D0-8D11-00A0C91BC942}.ReleaseLTCG|Win32.ActiveCfg = ReleaseLTCG|Win32
		{8BC9CEB8-8B4A-11D0-8D11-00A0C91BC942}.ReleaseLTCG|Win32.Build.0 = ReleaseLTCG|Win32
		{20C50653-B887-40EC-B85B-06BF6E24FDB4}.Debug|Win32.ActiveCfg = Debug|Win32
		{20C50653-B887-40EC-B85B-06BF6E24FDB4}.Debug|Win32.Build.0 = Debug|Win32
		{20C50653-B887-40EC-B85B-06BF6E24FDB4}.Release|Win32.ActiveCfg = Release|Win32
		{20C50653-B887-40EC-B85B-06BF6E24FDB4}.Release|Win32.Build.0 = Release|Win32
		{20C50653-B887-40EC-B85B-06BF6E24FDB4}.ReleaseLTCG|Win32.ActiveCfg = ReleaseLTCG|Win32
		{20C50653-B887-40EC-B85B-06BF6E24FDB4}.ReleaseLTCG|Win32.Build.0 = ReleaseLTCG|Win32
		{0EE028CA-72A3-4A1D-ADEF-0D60B3B2EEE7}.Debug|Win32.ActiveCfg = Debug|Win32
		{0EE028CA-72A3-4A1D-ADEF-0D60B3B2EEE7}.Debug|Win32.Build.0 = Debug|Win32
		{0EE028CA-72A3-4A1D-ADEF-0D60B3B2EEE7}.Release|Win32.ActiveCfg = Release|Win32
		{0EE028CA-72A3-4A1D-ADEF-0D60B3B2EEE7}.Release|Win32.Build.0 = Release|Win32
		{0EE028CA-72A3-4A1D-ADEF-0D60B3B2EEE7}.ReleaseLTCG|Win32.ActiveCfg = ReleaseLTCG|Win32
		{0EE028CA-72A3-4A1D-ADEF-0D60B3B2EEE7}.ReleaseLTCG|Win32.Build.0 = ReleaseLTCG|Win32
		{8A79CF6A-FCE0-4DCE-808F-EEEAFCD2B763}.Debug|Win32.ActiveCfg = Debug|Win32
		{8A79CF6A-FCE0-4DCE-808F-EEEAFCD2B763}.Debug|Win32.Build.0 = Debug|Win32
		{8A79CF6A-FCE0-4DCE-808F-EEEAFCD2B763}.Release|Win32.ActiveCfg = Release|Win32
		{8A79CF6A-FCE0-4DCE-808F-EEEAFCD2B763}.Release|Win32.Build.0 = Release|Win32
		{8A79CF6A-FCE0-4DCE-808F-EEEAFCD2B763}.ReleaseLTCG|Win32.ActiveCfg = ReleaseLTCG|Win32
		{8A79CF6A-FCE0-4DCE-808F-EEEAFCD2B763}.ReleaseLTCG|Win32.Build.0 = ReleaseLTCG|Win32
		{6A55C9B2-DDD0-4BE9-BADA-CA34A1B5E259}.Debug|Win32.ActiveCfg = Debug|Win32
		{6A55C9B2-DDD0-4BE9-BADA-CA34A1B5E259}.Debug|Win32.Build.0 = Debug|Win32
		{6A55C9B2-DDD0-4BE9-BADA-CA34A1B5E259}.Release|Win32.ActiveCfg = Release|Win32
		{6A55C9B2-DDD0-4BE9-BADA-CA34A1B5E259}.Release|Win32.Build.0 = Release|Win32
		{6A55C9B2-DDD0-4BE9-BADA-CA34A1B5E259}.ReleaseLTCG|Win32.ActiveCfg = ReleaseLTCG|Win32
		{6A55C9B2-DDD0-4BE9-BADA-CA34A1B5E259}.ReleaseLTCG|Win32.Build.0 = ReleaseLTCG|Win32
		{2A7BF81E-CA2F-415A-92A0-4C977A626854}.Debug|Win32.ActiveCfg = Debug|Win32
		{2A7BF81E-CA2F-415A-92A0-4C977A626854}.Debug|Win32.Build.0 = Debug|Win32
		{2A7BF81E-CA2F-415A-92A0-4C977A626854}.Release|Win32.ActiveCfg = Release|Win32
		{2A7BF81E-CA2F-415A-92A0-4C977A626854}.Release|Win32.Build.0 = Release|Win32
		{2A7BF81E-CA2F-415A-92A0-4C977A626854}.ReleaseLTCG|Win32.ActiveCfg = ReleaseLTCG|Win32
		{2A7BF81E-CA2F-415A-92A0-4C977A626854}.ReleaseLTCG|Win32.Build.0 = ReleaseLTCG|Win32
	EndGlobalSection
	GlobalSection(SolutionProperties) = preSolution
		HideSolutionNode = FALSE
	EndGlobalSection
	GlobalSection(NestedProjects) = preSolution
		{D3ECDD46-09B6-4091-94DC-E82311719644} = {342C2A44-BB12-4DF8-86CC-94D361BDE60A}
		{D701000E-E334-4915-ACE9-D59E50F98A4B} = {342C2A44-BB12-4DF8-86CC-94D361BDE60A}
		{F33F4FE6-1840-446E-A7D8-903B8EDFB14B} = {342C2A44-BB12-4DF8-86CC-94D361BDE60A}
		{485F2FF0-874A-4B28-B511-40674C38979A} = {342C2A44-BB12-4DF8-86CC-94D361BDE60A}
		{86840283-B05A-4612-9323-ECA46F066623} = {342C2A44-BB12-4DF8-86CC-94D361BDE60A}
		{8C237209-01E6-4797-9BCA-4675C161F26E} = {342C2A44-BB12-4DF8-86CC-94D361BDE60A}
		{E67A30E5-2A88-494A-8AEC-9D079A6BE10A} = {342C2A44-BB12-4DF8-86CC-94D361BDE60A}
		{485F2FF0-874A-4B28-B511-40674C38979B} = {342C2A44-BB12-4DF8-86CC-94D361BDE60A}
		{20C50653-B887-40EC-B85B-06BF6E24FDB4} = {342C2A44-BB12-4DF8-86CC-94D361BDE60A}
		{0EE028CA-72A3-4A1D-ADEF-0D60B3B2EEE7} = {342C2A44-BB12-4DF8-86CC-94D361BDE60A}
		{DBACC8DE-751E-4AE9-ACA0-83ED919C4901} = {342C2A44-BB12-4DF8-86CC-94D361BDE60A}
		{C0278832-71FF-43D5-BFE2-DE265B8A4678} = {864D6F71-4491-4CBB-8CFF-BBEB291A02CF}
		{8BC9CEB8-8B4A-11D0-8D11-00A0C91BC942} = {864D6F71-4491-4CBB-8CFF-BBEB291A02CF}
		{5B1BCBC4-4EA9-47DC-BC76-C779DAD1D62D} = {864D6F71-4491-4CBB-8CFF-BBEB291A02CF}
		{6A55C9B2-DDD0-4BE9-BADA-CA34A1B5E259} = {AA45BC83-78FD-4371-9AA5-26B32B3CDE72}
		{2A7BF81E-CA2F-415A-92A0-4C977A626854} = {AA45BC83-78FD-4371-9AA5-26B32B3CDE72}
		{8A79CF6A-FCE0-4DCE-808F-EEEAFCD2B763} = {AA45BC83-78FD-4371-9AA5-26B32B3CDE72}
	EndGlobalSection
EndGlobal
